
Microsoft Visual Studio Solution File, Format Version 12.00
# Visual Studio 15
VisualStudioVersion = 15.0.28307.136
MinimumVisualStudioVersion = 10.0.40219.1
Project("{FAE04EC0-301F-11D3-BF4B-00C04F79EFBC}") = "DesignProjectUpdateDLL", "DesignProjectUpdateDLL\DesignProjectUpdateDLL.csproj", "{D5CC613C-9025-4C93-B2FD-C9DC50610809}"
EndProject
Global
	GlobalSection(SolutionConfigurationPlatforms) = preSolution
		Debug|Any CPU = Debug|Any CPU
		Release|Any CPU = Release|Any CPU
	EndGlobalSection
	GlobalSection(ProjectConfigurationPlatforms) = postSolution
		{D5CC613C-9025-4C93-B2FD-C9DC50610809}.Debug|Any CPU.ActiveCfg = Debug|Any CPU
		{D5CC613C-9025-4C93-B2FD-C9DC50610809}.Debug|Any CPU.Build.0 = Debug|Any CPU
		{D5CC613C-9025-4C93-B2FD-C9DC50610809}.Release|Any CPU.ActiveCfg = Release|Any CPU
		{D5CC613C-9025-4C93-B2FD-C9DC50610809}.Release|Any CPU.Build.0 = Release|Any CPU
	EndGlobalSection
	GlobalSection(SolutionProperties) = preSolution
		HideSolutionNode = FALSE
	EndGlobalSection
	GlobalSection(ExtensibilityGlobals) = postSolution
		SolutionGuid = {C08D4C7C-94DF-4CCE-BF6B-C640EFED392F}
	EndGlobalSection
EndGlobal
